
Microsoft Visual Studio Solution File, Format Version 12.00
# Visual Studio Version 17
VisualStudioVersion = 17.8.34309.116
MinimumVisualStudioVersion = 10.0.40219.1
Project("{FAE04EC0-301F-11D3-BF4B-00C04F79EFBC}") = "LoginSenha", "LoginSenha\LoginSenha.csproj", "{8EEAE78D-39D5-47FA-952B-AF7120F99347}"
EndProject
Global
	GlobalSection(SolutionConfigurationPlatforms) = preSolution
		Debug|Any CPU = Debug|Any CPU
		Release|Any CPU = Release|Any CPU
	EndGlobalSection
	GlobalSection(ProjectConfigurationPlatforms) = postSolution
		{8EEAE78D-39D5-47FA-952B-AF7120F99347}.Debug|Any CPU.ActiveCfg = Debug|Any CPU
		{8EEAE78D-39D5-47FA-952B-AF7120F99347}.Debug|Any CPU.Build.0 = Debug|Any CPU
		{8EEAE78D-39D5-47FA-952B-AF7120F99347}.Release|Any CPU.ActiveCfg = Release|Any CPU
		{8EEAE78D-39D5-47FA-952B-AF7120F99347}.Release|Any CPU.Build.0 = Release|Any CPU
	EndGlobalSection
	GlobalSection(SolutionProperties) = preSolution
		HideSolutionNode = FALSE
	EndGlobalSection
	GlobalSection(ExtensibilityGlobals) = postSolution
		SolutionGuid = {67A504B9-F7FB-4017-B77E-F8EE901890D4}
	EndGlobalSection
EndGlobal
